<?xml version="1.0" encoding="utf-8"?>
<Project ToolsVersion="4.0" xmlns="http://schemas.microsoft.com/developer/msbuild/2003">
  <ItemGroup>
    <Filter Include="Source Files">
      <UniqueIdentifier>{b4452592-b596-48ca-813a-0e3f9692c364}</UniqueIdentifier>
      <Extensions>cpp;c;cxx;rc;def;r;odl;idl;hpj;bat</Extensions>
    </Filter>
    <Filter Include="Source Files\Common">
      <UniqueIdentifier>{6b4998eb-447e-4700-b7fd-91b3448933c1}</UniqueIdentifier>
    </Filter>
    <Filter Include="Source Files\Utilities">
      <UniqueIdentifier>{a0162563-3339-4c43-9653-84028be5a93c}</UniqueIdentifier>
    </Filter>
    <Filter Include="Source Files\Tables">
      <UniqueIdentifier>{e0f47e3c-64cc-4d8d-96c7-5c8a0aab50d9}</UniqueIdentifier>
    </Filter>
    <Filter Include="Source Files\Namespace">
      <UniqueIdentifier>{49ce80cd-6cd7-45fa-8e71-26b21101ad32}</UniqueIdentifier>
    </Filter>
    <Filter Include="Source Files\Parser">
      <UniqueIdentifier>{6fc99645-6a38-4273-90f6-ee246b5e05c6}</UniqueIdentifier>
    </Filter>
    <Filter Include="Source Files\Debugger">
      <UniqueIdentifier>{eac5c4c5-f5b9-4770-9457-b2494fca1adf}</UniqueIdentifier>
    </Filter>
    <Filter Include="Source Files\Dispatcher">
      <UniqueIdentifier>{19da18b8-8f39-448f-90ba-af42b5e945e2}</UniqueIdentifier>
    </Filter>
    <Filter Include="Source Files\Executer">
      <UniqueIdentifier>{45d099b9-2044-46c5-a8a0-c8cd2fb8adec}</UniqueIdentifier>
    </Filter>
    <Filter Include="Header Files">
      <UniqueIdentifier>{3a92a967-2a00-482f-90aa-4126dc177c3c}</UniqueIdentifier>
      <Extensions>h;hpp;hxx;hm;inl</Extensions>
    </Filter>
    <Filter Include="Resource Files">
      <UniqueIdentifier>{1dd4c807-b6c5-4b9a-802d-2b5fa213788b}</UniqueIdentifier>
      <Extensions>ico;cur;bmp;dlg;rc2;rct;bin;rgs;gif;jpg;jpeg;jpe</Extensions>
    </Filter>
    <Filter Include="Source Files\Events">
      <UniqueIdentifier>{29defa3a-31e6-4de7-8525-c631cdae79fb}</UniqueIdentifier>
    </Filter>
    <Filter Include="Source Files\Hardware">
      <UniqueIdentifier>{b8e8c6d5-af0e-42f7-bf41-63fa785acd58}</UniqueIdentifier>
    </Filter>
  </ItemGroup>
  <ItemGroup>
    <ClCompile Include="..\..\source\common\acfileio.c">
      <Filter>Source Files\Common</Filter>
    </ClCompile>
    <ClCompile Include="..\..\source\common\cmfsize.c">
      <Filter>Source Files\Common</Filter>
    </ClCompile>
    <ClCompile Include="..\..\source\common\getopt.c">
      <Filter>Source Files\Common</Filter>
    </ClCompile>
    <ClCompile Include="..\..\source\os_specific\service_layers\oswinxf.c">
      <Filter>Source Files\Common</Filter>
    </ClCompile>
    <ClCompile Include="..\..\source\components\utilities\utaddress.c">
      <Filter>Source Files\Utilities</Filter>
    </ClCompile>
    <ClCompile Include="..\..\source\components\utilities\utalloc.c">
      <Filter>Source Files\Utilities</Filter>
    </ClCompile>
    <ClCompile Include="..\..\source\components\utilities\utascii.c">
      <Filter>Source Files\Utilities</Filter>
    </ClCompile>
    <ClCompile Include="..\..\source\components\utilities\utbuffer.c">
      <Filter>Source Files\Utilities</Filter>
    </ClCompile>
    <ClCompile Include="..\..\source\components\utilities\utcache.c">
      <Filter>Source Files\Utilities</Filter>
    </ClCompile>
    <ClCompile Include="..\..\source\components\utilities\utdebug.c">
      <Filter>Source Files\Utilities</Filter>
    </ClCompile>
    <ClCompile Include="..\..\source\components\utilities\utdecode.c">
      <Filter>Source Files\Utilities</Filter>
    </ClCompile>
    <ClCompile Include="..\..\source\components\utilities\utdelete.c">
      <Filter>Source Files\Utilities</Filter>
    </ClCompile>
    <ClCompile Include="..\..\source\components\utilities\uterror.c">
      <Filter>Source Files\Utilities</Filter>
    </ClCompile>
    <ClCompile Include="..\..\source\components\utilities\uteval.c">
      <Filter>Source Files\Utilities</Filter>
    </ClCompile>
    <ClCompile Include="..\..\source\components\utilities\utexcep.c">
      <Filter>Source Files\Utilities</Filter>
    </ClCompile>
    <ClCompile Include="..\..\source\components\utilities\utglobal.c">
      <Filter>Source Files\Utilities</Filter>
    </ClCompile>
    <ClCompile Include="..\..\source\components\utilities\uthex.c">
      <Filter>Source Files\Utilities</Filter>
    </ClCompile>
    <ClCompile Include="..\..\source\components\utilities\utids.c">
      <Filter>Source Files\Utilities</Filter>
    </ClCompile>
    <ClCompile Include="..\..\source\components\utilities\utinit.c">
      <Filter>Source Files\Utilities</Filter>
    </ClCompile>
    <ClCompile Include="..\..\source\components\utilities\utlock.c">
      <Filter>Source Files\Utilities</Filter>
    </ClCompile>
    <ClCompile Include="..\..\source\components\utilities\utmath.c">
      <Filter>Source Files\Utilities</Filter>
    </ClCompile>
    <ClCompile Include="..\..\source\components\utilities\utmisc.c">
      <Filter>Source Files\Utilities</Filter>
    </ClCompile>
    <ClCompile Include="..\..\source\components\utilities\utmutex.c">
      <Filter>Source Files\Utilities</Filter>
    </ClCompile>
    <ClCompile Include="..\..\source\components\utilities\utnonansi.c">
      <Filter>Source Files\Utilities</Filter>
    </ClCompile>
    <ClCompile Include="..\..\source\components\utilities\utobject.c">
      <Filter>Source Files\Utilities</Filter>
    </ClCompile>
    <ClCompile Include="..\..\source\components\utilities\utosi.c">
      <Filter>Source Files\Utilities</Filter>
    </ClCompile>
    <ClCompile Include="..\..\source\components\utilities\utownerid.c">
      <Filter>Source Files\Utilities</Filter>
    </ClCompile>
    <ClCompile Include="..\..\source\components\utilities\utstate.c">
      <Filter>Source Files\Utilities</Filter>
    </ClCompile>
    <ClCompile Include="..\..\source\components\utilities\utstring.c">
      <Filter>Source Files\Utilities</Filter>
    </ClCompile>
    <ClCompile Include="..\..\source\components\utilities\utstrtoul64.c">
      <Filter>Source Files\Utilities</Filter>
    </ClCompile>
    <ClCompile Include="..\..\source\components\utilities\utuuid.c">
      <Filter>Source Files\Utilities</Filter>
    </ClCompile>
    <ClCompile Include="..\..\source\components\utilities\utxface.c">
      <Filter>Source Files\Utilities</Filter>
    </ClCompile>
    <ClCompile Include="..\..\source\components\utilities\utxferror.c">
      <Filter>Source Files\Utilities</Filter>
    </ClCompile>
    <ClCompile Include="..\..\source\components\utilities\utxfinit.c">
      <Filter>Source Files\Utilities</Filter>
    </ClCompile>
    <ClCompile Include="..\..\source\components\tables\tbdata.c">
      <Filter>Source Files\Tables</Filter>
    </ClCompile>
    <ClCompile Include="..\..\source\components\tables\tbfadt.c">
      <Filter>Source Files\Tables</Filter>
    </ClCompile>
    <ClCompile Include="..\..\source\components\tables\tbfind.c">
      <Filter>Source Files\Tables</Filter>
    </ClCompile>
    <ClCompile Include="..\..\source\components\tables\tbinstal.c">
      <Filter>Source Files\Tables</Filter>
    </ClCompile>
    <ClCompile Include="..\..\source\components\tables\tbprint.c">
      <Filter>Source Files\Tables</Filter>
    </ClCompile>
    <ClCompile Include="..\..\source\components\tables\tbutils.c">
      <Filter>Source Files\Tables</Filter>
    </ClCompile>
    <ClCompile Include="..\..\source\components\tables\tbxface.c">
      <Filter>Source Files\Tables</Filter>
    </ClCompile>
    <ClCompile Include="..\..\source\components\tables\tbxfload.c">
      <Filter>Source Files\Tables</Filter>
    </ClCompile>
    <ClCompile Include="..\..\source\components\tables\tbxfroot.c">
      <Filter>Source Files\Tables</Filter>
    </ClCompile>
    <ClCompile Include="..\..\source\components\namespace\nsaccess.c">
      <Filter>Source Files\Namespace</Filter>
    </ClCompile>
    <ClCompile Include="..\..\source\components\namespace\nsalloc.c">
      <Filter>Source Files\Namespace</Filter>
    </ClCompile>
    <ClCompile Include="..\..\source\components\namespace\nsconvert.c">
      <Filter>Source Files\Namespace</Filter>
    </ClCompile>
    <ClCompile Include="..\..\source\components\namespace\nsdump.c">
      <Filter>Source Files\Namespace</Filter>
    </ClCompile>
    <ClCompile Include="..\..\source\components\namespace\nsinit.c">
      <Filter>Source Files\Namespace</Filter>
    </ClCompile>
    <ClCompile Include="..\..\source\components\namespace\nsload.c">
      <Filter>Source Files\Namespace</Filter>
    </ClCompile>
    <ClCompile Include="..\..\source\components\namespace\nsnames.c">
      <Filter>Source Files\Namespace</Filter>
    </ClCompile>
    <ClCompile Include="..\..\source\components\namespace\nsobject.c">
      <Filter>Source Files\Namespace</Filter>
    </ClCompile>
    <ClCompile Include="..\..\source\components\namespace\nsparse.c">
      <Filter>Source Files\Namespace</Filter>
    </ClCompile>
    <ClCompile Include="..\..\source\components\namespace\nssearch.c">
      <Filter>Source Files\Namespace</Filter>
    </ClCompile>
    <ClCompile Include="..\..\source\components\namespace\nsutils.c">
      <Filter>Source Files\Namespace</Filter>
    </ClCompile>
    <ClCompile Include="..\..\source\components\namespace\nswalk.c">
      <Filter>Source Files\Namespace</Filter>
    </ClCompile>
    <ClCompile Include="..\..\source\components\namespace\nsxfeval.c">
      <Filter>Source Files\Namespace</Filter>
    </ClCompile>
    <ClCompile Include="..\..\source\components\namespace\nsxfname.c">
      <Filter>Source Files\Namespace</Filter>
    </ClCompile>
    <ClCompile Include="..\..\source\components\namespace\nsxfobj.c">
      <Filter>Source Files\Namespace</Filter>
    </ClCompile>
    <ClCompile Include="..\..\source\components\parser\psargs.c">
      <Filter>Source Files\Parser</Filter>
    </ClCompile>
    <ClCompile Include="..\..\source\components\parser\psloop.c">
      <Filter>Source Files\Parser</Filter>
    </ClCompile>
    <ClCompile Include="..\..\source\components\parser\psobject.c">
      <Filter>Source Files\Parser</Filter>
    </ClCompile>
    <ClCompile Include="..\..\source\components\parser\psopcode.c">
      <Filter>Source Files\Parser</Filter>
    </ClCompile>
    <ClCompile Include="..\..\source\components\parser\psopinfo.c">
      <Filter>Source Files\Parser</Filter>
    </ClCompile>
    <ClCompile Include="..\..\source\components\parser\psparse.c">
      <Filter>Source Files\Parser</Filter>
    </ClCompile>
    <ClCompile Include="..\..\source\components\parser\psscope.c">
      <Filter>Source Files\Parser</Filter>
    </ClCompile>
    <ClCompile Include="..\..\source\components\parser\pstree.c">
      <Filter>Source Files\Parser</Filter>
    </ClCompile>
    <ClCompile Include="..\..\source\components\parser\psutils.c">
      <Filter>Source Files\Parser</Filter>
    </ClCompile>
    <ClCompile Include="..\..\source\components\parser\pswalk.c">
      <Filter>Source Files\Parser</Filter>
    </ClCompile>
    <ClCompile Include="..\..\source\components\parser\psxface.c">
      <Filter>Source Files\Parser</Filter>
    </ClCompile>
    <ClCompile Include="..\..\source\components\debugger\dbfileio.c">
      <Filter>Source Files\Debugger</Filter>
    </ClCompile>
    <ClCompile Include="..\..\source\components\dispatcher\dsfield.c">
      <Filter>Source Files\Dispatcher</Filter>
    </ClCompile>
    <ClCompile Include="..\..\source\components\dispatcher\dsinit.c">
      <Filter>Source Files\Dispatcher</Filter>
    </ClCompile>
    <ClCompile Include="..\..\source\components\dispatcher\dsmthdat.c">
      <Filter>Source Files\Dispatcher</Filter>
    </ClCompile>
    <ClCompile Include="..\..\source\components\dispatcher\dsobject.c">
      <Filter>Source Files\Dispatcher</Filter>
    </ClCompile>
    <ClCompile Include="..\..\source\components\dispatcher\dsutils.c">
      <Filter>Source Files\Dispatcher</Filter>
    </ClCompile>
    <ClCompile Include="..\..\source\components\dispatcher\dswload.c">
      <Filter>Source Files\Dispatcher</Filter>
    </ClCompile>
    <ClCompile Include="..\..\source\components\dispatcher\dswload2.c">
      <Filter>Source Files\Dispatcher</Filter>
    </ClCompile>
    <ClCompile Include="..\..\source\components\dispatcher\dswscope.c">
      <Filter>Source Files\Dispatcher</Filter>
    </ClCompile>
    <ClCompile Include="..\..\source\components\dispatcher\dswstate.c">
      <Filter>Source Files\Dispatcher</Filter>
    </ClCompile>
    <ClCompile Include="..\..\source\components\executer\exconvrt.c">
      <Filter>Source Files\Executer</Filter>
    </ClCompile>
    <ClCompile Include="..\..\source\components\executer\excreate.c">
      <Filter>Source Files\Executer</Filter>
    </ClCompile>
    <ClCompile Include="..\..\source\components\executer\exdump.c">
      <Filter>Source Files\Executer</Filter>
    </ClCompile>
    <ClCompile Include="..\..\source\components\executer\exmutex.c">
      <Filter>Source Files\Executer</Filter>
    </ClCompile>
    <ClCompile Include="..\..\source\components\executer\exnames.c">
      <Filter>Source Files\Executer</Filter>
    </ClCompile>
    <ClCompile Include="..\..\source\components\executer\exprep.c">
      <Filter>Source Files\Executer</Filter>
    </ClCompile>
    <ClCompile Include="..\..\source\components\executer\exresnte.c">
      <Filter>Source Files\Executer</Filter>
    </ClCompile>
    <ClCompile Include="..\..\source\components\executer\exresolv.c">
      <Filter>Source Files\Executer</Filter>
    </ClCompile>
    <ClCompile Include="..\..\source\components\executer\exsystem.c">
      <Filter>Source Files\Executer</Filter>
    </ClCompile>
    <ClCompile Include="..\..\source\components\executer\exutils.c">
      <Filter>Source Files\Executer</Filter>
    </ClCompile>
    <ClCompile Include="..\..\source\tools\AcpiNames\anmain.c">
      <Filter>Source Files</Filter>
    </ClCompile>
    <ClCompile Include="..\..\source\tools\AcpiNames\anstubs.c">
      <Filter>Source Files</Filter>
    </ClCompile>
    <ClCompile Include="..\..\source\tools\AcpiNames\antables.c">
      <Filter>Source Files</Filter>
    </ClCompile>
    <ClCompile Include="..\..\source\components\utilities\utstrsuppt.c">
      <Filter>Source Files\Utilities</Filter>
    </ClCompile>
    <ClCompile Include="..\..\source\components\dispatcher\dspkginit.c">
      <Filter>Source Files\Dispatcher</Filter>
    </ClCompile>
    <ClCompile Include="..\..\source\components\dispatcher\dswexec.c">
      <Filter>Source Files\Dispatcher</Filter>
    </ClCompile>
    <ClCompile Include="..\..\source\components\executer\exoparg1.c">
      <Filter>Source Files\Executer</Filter>
    </ClCompile>
    <ClCompile Include="..\..\source\components\executer\exoparg2.c">
      <Filter>Source Files\Executer</Filter>
    </ClCompile>
    <ClCompile Include="..\..\source\components\executer\exoparg3.c">
      <Filter>Source Files\Executer</Filter>
    </ClCompile>
    <ClCompile Include="..\..\source\components\executer\exoparg6.c">
      <Filter>Source Files\Executer</Filter>
    </ClCompile>
    <ClCompile Include="..\..\source\components\dispatcher\dscontrol.c">
      <Filter>Source Files\Dispatcher</Filter>
    </ClCompile>
    <ClCompile Include="..\..\source\components\dispatcher\dsopcode.c">
      <Filter>Source Files\Dispatcher</Filter>
    </ClCompile>
    <ClCompile Include="..\..\source\components\executer\exresop.c">
      <Filter>Source Files\Executer</Filter>
    </ClCompile>
    <ClCompile Include="..\..\source\components\executer\exmisc.c">
      <Filter>Source Files\Executer</Filter>
    </ClCompile>
    <ClCompile Include="..\..\source\components\executer\exconfig.c">
      <Filter>Source Files\Executer</Filter>
    </ClCompile>
    <ClCompile Include="..\..\source\components\executer\exstore.c">
      <Filter>Source Files\Executer</Filter>
    </ClCompile>
    <ClCompile Include="..\..\source\components\events\evregion.c">
      <Filter>Source Files\Events</Filter>
    </ClCompile>
    <ClCompile Include="..\..\source\components\events\evhandler.c">
      <Filter>Source Files\Events</Filter>
    </ClCompile>
    <ClCompile Include="..\..\source\components\executer\exconcat.c">
      <Filter>Source Files\Executer</Filter>
    </ClCompile>
    <ClCompile Include="..\..\source\components\events\evrgnini.c">
      <Filter>Source Files\Events</Filter>
    </ClCompile>
    <ClCompile Include="..\..\source\components\executer\exregion.c">
      <Filter>Source Files\Executer</Filter>
    </ClCompile>
    <ClCompile Include="..\..\source\components\events\evxfregn.c">
      <Filter>Source Files\Events</Filter>
    </ClCompile>
    <ClCompile Include="..\..\source\components\executer\exstoren.c">
      <Filter>Source Files\Executer</Filter>
    </ClCompile>
    <ClCompile Include="..\..\source\components\utilities\utresrc.c">
      <Filter>Source Files\Utilities</Filter>
    </ClCompile>
    <ClCompile Include="..\..\source\components\hardware\hwpci.c">
      <Filter>Source Files\Hardware</Filter>
    </ClCompile>
    <ClCompile Include="..\..\source\components\executer\exstorob.c">
      <Filter>Source Files\Executer</Filter>
    </ClCompile>
    <ClCompile Include="..\..\source\components\hardware\hwvalid.c">
      <Filter>Source Files\Hardware</Filter>
    </ClCompile>
    <ClCompile Include="..\..\source\components\events\evmisc.c">
      <Filter>Source Files\Events</Filter>
    </ClCompile>
    <ClCompile Include="..\..\source\components\dispatcher\dsmethod.c">
      <Filter>Source Files\Dispatcher</Filter>
    </ClCompile>
    <ClCompile Include="..\..\source\components\dispatcher\dsdebug.c">
      <Filter>Source Files\Dispatcher</Filter>
    </ClCompile>
    <ClCompile Include="..\..\source\components\utilities\utcopy.c">
      <Filter>Source Files\Utilities</Filter>
    </ClCompile>
    <ClCompile Include="..\..\source\components\executer\exfield.c">
      <Filter>Source Files\Executer</Filter>
    </ClCompile>
    <ClCompile Include="..\..\source\components\executer\exfldio.c">
      <Filter>Source Files\Executer</Filter>
    </ClCompile>
    <ClCompile Include="..\..\source\components\executer\exserial.c">
      <Filter>Source Files\Executer</Filter>
    </ClCompile>
    <ClCompile Include="..\..\source\components\namespace\nseval.c">
      <Filter>Source Files\Namespace</Filter>
    </ClCompile>
    <ClCompile Include="..\..\source\components\utilities\utpredef.c">
      <Filter>Source Files\Utilities</Filter>
    </ClCompile>
    <ClCompile Include="..\..\source\components\namespace\nsarguments.c">
      <Filter>Source Files\Namespace</Filter>
    </ClCompile>
    <ClCompile Include="..\..\source\components\namespace\nspredef.c">
      <Filter>Source Files\Namespace</Filter>
    </ClCompile>
    <ClCompile Include="..\..\source\components\namespace\nsprepkg.c">
      <Filter>Source Files\Namespace</Filter>
    </ClCompile>
    <ClCompile Include="..\..\source\components\namespace\nsrepair.c">
      <Filter>Source Files\Namespace</Filter>
    </ClCompile>
    <ClCompile Include="..\..\source\components\namespace\nsrepair2.c">
      <Filter>Source Files\Namespace</Filter>
    </ClCompile>
  </ItemGroup>
  <ItemGroup>
    <ClInclude Include="..\..\source\tools\AcpiNames\AcpiNames.h">
      <Filter>Header Files</Filter>
    </ClInclude>
    <ClInclude Include="..\..\source\include\platform\acwin.h">
      <Filter>Header Files</Filter>
    </ClInclude>
  </ItemGroup>
</Project>