
Microsoft Visual Studio Solution File, Format Version 12.00
# Visual Studio 15
VisualStudioVersion = 15.0.28307.705
MinimumVisualStudioVersion = 10.0.40219.1
Project("{8BC9CEB8-8B4A-11D0-8D11-00A0C91BC942}") = "AcpiBin", "AcpiBin.vcxproj", "{96E09545-AC04-4F1A-91B9-36FC947E1EBB}"
EndProject
Project("{8BC9CEB8-8B4A-11D0-8D11-00A0C91BC942}") = "AcpiDump", "AcpiDump.vcxproj", "{8CE1C7F6-65D2-4FA7-93A8-2AA826F5A564}"
EndProject
Project("{8BC9CEB8-8B4A-11D0-8D11-00A0C91BC942}") = "AcpiExec", "AcpiExec.vcxproj", "{1C19430A-8836-4023-AC37-AAB1921220E6}"
EndProject
Project("{8BC9CEB8-8B4A-11D0-8D11-00A0C91BC942}") = "AcpiHelp", "AcpiHelp.vcxproj", "{8828CA34-62C1-4A1D-AB26-78CB6B1C46D7}"
EndProject
Project("{8BC9CEB8-8B4A-11D0-8D11-00A0C91BC942}") = "AcpiNames", "AcpiNames.vcxproj", "{47CBF223-DC2E-4779-967A-9704AB63180D}"
EndProject
Project("{8BC9CEB8-8B4A-11D0-8D11-00A0C91BC942}") = "AcpiSrc", "AcpiSrc.vcxproj", "{F582C598-249C-4673-AF1F-F1D1884DB0B5}"
EndProject
Project("{8BC9CEB8-8B4A-11D0-8D11-00A0C91BC942}") = "AcpiSubsystem", "AcpiSubsystem.vcxproj", "{768B4FF9-311F-44F1-B0FC-41CC5A9A5053}"
EndProject
Project("{8BC9CEB8-8B4A-11D0-8D11-00A0C91BC942}") = "AcpiXtract", "AcpiXtract.vcxproj", "{2E58BDA9-5221-4FCB-95EE-27B290C3F21A}"
EndProject
Project("{8BC9CEB8-8B4A-11D0-8D11-00A0C91BC942}") = "AslCompiler", "AslCompiler.vcxproj", "{66BE33E1-849A-42AB-AE4B-2ABBC13CB432}"
EndProject
Project("{8BC9CEB8-8B4A-11D0-8D11-00A0C91BC942}") = "Examples", "Examples.vcxproj", "{D041B261-FCCD-4EA8-B611-6ACF09C51100}"
EndProject
Global
	GlobalSection(SolutionConfigurationPlatforms) = preSolution
		Debug|x86 = Debug|x86
		Release|x86 = Release|x86
		Template|x86 = Template|x86
	EndGlobalSection
	GlobalSection(ProjectConfigurationPlatforms) = postSolution
		{96E09545-AC04-4F1A-91B9-36FC947E1EBB}.Debug|x86.ActiveCfg = Debug|Win32
		{96E09545-AC04-4F1A-91B9-36FC947E1EBB}.Debug|x86.Build.0 = Debug|Win32
		{96E09545-AC04-4F1A-91B9-36FC947E1EBB}.Release|x86.ActiveCfg = Release|Win32
		{96E09545-AC04-4F1A-91B9-36FC947E1EBB}.Release|x86.Build.0 = Release|Win32
		{96E09545-AC04-4F1A-91B9-36FC947E1EBB}.Template|x86.ActiveCfg = Release|Win32
		{96E09545-AC04-4F1A-91B9-36FC947E1EBB}.Template|x86.Build.0 = Release|Win32
		{8CE1C7F6-65D2-4FA7-93A8-2AA826F5A564}.Debug|x86.ActiveCfg = Debug|Win32
		{8CE1C7F6-65D2-4FA7-93A8-2AA826F5A564}.Debug|x86.Build.0 = Debug|Win32
		{8CE1C7F6-65D2-4FA7-93A8-2AA826F5A564}.Release|x86.ActiveCfg = Release|Win32
		{8CE1C7F6-65D2-4FA7-93A8-2AA826F5A564}.Release|x86.Build.0 = Release|Win32
		{8CE1C7F6-65D2-4FA7-93A8-2AA826F5A564}.Template|x86.ActiveCfg = Template|Win32
		{8CE1C7F6-65D2-4FA7-93A8-2AA826F5A564}.Template|x86.Build.0 = Template|Win32
		{1C19430A-8836-4023-AC37-AAB1921220E6}.Debug|x86.ActiveCfg = Debug|Win32
		{1C19430A-8836-4023-AC37-AAB1921220E6}.Debug|x86.Build.0 = Debug|Win32
		{1C19430A-8836-4023-AC37-AAB1921220E6}.Release|x86.ActiveCfg = Release|Win32
		{1C19430A-8836-4023-AC37-AAB1921220E6}.Release|x86.Build.0 = Release|Win32
		{1C19430A-8836-4023-AC37-AAB1921220E6}.Template|x86.ActiveCfg = Template|Win32
		{1C19430A-8836-4023-AC37-AAB1921220E6}.Template|x86.Build.0 = Template|Win32
		{8828CA34-62C1-4A1D-AB26-78CB6B1C46D7}.Debug|x86.ActiveCfg = Debug|Win32
		{8828CA34-62C1-4A1D-AB26-78CB6B1C46D7}.Debug|x86.Build.0 = Debug|Win32
		{8828CA34-62C1-4A1D-AB26-78CB6B1C46D7}.Release|x86.ActiveCfg = Release|Win32
		{8828CA34-62C1-4A1D-AB26-78CB6B1C46D7}.Release|x86.Build.0 = Release|Win32
		{8828CA34-62C1-4A1D-AB26-78CB6B1C46D7}.Template|x86.ActiveCfg = Template|Win32
		{8828CA34-62C1-4A1D-AB26-78CB6B1C46D7}.Template|x86.Build.0 = Template|Win32
		{47CBF223-DC2E-4779-967A-9704AB63180D}.Debug|x86.ActiveCfg = Debug|Win32
		{47CBF223-DC2E-4779-967A-9704AB63180D}.Debug|x86.Build.0 = Debug|Win32
		{47CBF223-DC2E-4779-967A-9704AB63180D}.Release|x86.ActiveCfg = Release|Win32
		{47CBF223-DC2E-4779-967A-9704AB63180D}.Release|x86.Build.0 = Release|Win32
		{47CBF223-DC2E-4779-967A-9704AB63180D}.Template|x86.ActiveCfg = Template|Win32
		{47CBF223-DC2E-4779-967A-9704AB63180D}.Template|x86.Build.0 = Template|Win32
		{F582C598-249C-4673-AF1F-F1D1884DB0B5}.Debug|x86.ActiveCfg = Debug|Win32
		{F582C598-249C-4673-AF1F-F1D1884DB0B5}.Debug|x86.Build.0 = Debug|Win32
		{F582C598-249C-4673-AF1F-F1D1884DB0B5}.Release|x86.ActiveCfg = Release|Win32
		{F582C598-249C-4673-AF1F-F1D1884DB0B5}.Release|x86.Build.0 = Release|Win32
		{F582C598-249C-4673-AF1F-F1D1884DB0B5}.Template|x86.ActiveCfg = Template|Win32
		{F582C598-249C-4673-AF1F-F1D1884DB0B5}.Template|x86.Build.0 = Template|Win32
		{768B4FF9-311F-44F1-B0FC-41CC5A9A5053}.Debug|x86.ActiveCfg = Debug|Win32
		{768B4FF9-311F-44F1-B0FC-41CC5A9A5053}.Debug|x86.Build.0 = Debug|Win32
		{768B4FF9-311F-44F1-B0FC-41CC5A9A5053}.Release|x86.ActiveCfg = Release|Win32
		{768B4FF9-311F-44F1-B0FC-41CC5A9A5053}.Release|x86.Build.0 = Release|Win32
		{768B4FF9-311F-44F1-B0FC-41CC5A9A5053}.Template|x86.ActiveCfg = Template|Win32
		{768B4FF9-311F-44F1-B0FC-41CC5A9A5053}.Template|x86.Build.0 = Template|Win32
		{2E58BDA9-5221-4FCB-95EE-27B290C3F21A}.Debug|x86.ActiveCfg = Debug|Win32
		{2E58BDA9-5221-4FCB-95EE-27B290C3F21A}.Debug|x86.Build.0 = Debug|Win32
		{2E58BDA9-5221-4FCB-95EE-27B290C3F21A}.Release|x86.ActiveCfg = Release|Win32
		{2E58BDA9-5221-4FCB-95EE-27B290C3F21A}.Release|x86.Build.0 = Release|Win32
		{2E58BDA9-5221-4FCB-95EE-27B290C3F21A}.Template|x86.ActiveCfg = Template|Win32
		{2E58BDA9-5221-4FCB-95EE-27B290C3F21A}.Template|x86.Build.0 = Template|Win32
		{66BE33E1-849A-42AB-AE4B-2ABBC13CB432}.Debug|x86.ActiveCfg = Debug|Win32
		{66BE33E1-849A-42AB-AE4B-2ABBC13CB432}.Debug|x86.Build.0 = Debug|Win32
		{66BE33E1-849A-42AB-AE4B-2ABBC13CB432}.Release|x86.ActiveCfg = Release|Win32
		{66BE33E1-849A-42AB-AE4B-2ABBC13CB432}.Release|x86.Build.0 = Release|Win32
		{66BE33E1-849A-42AB-AE4B-2ABBC13CB432}.Template|x86.ActiveCfg = Template|Win32
		{66BE33E1-849A-42AB-AE4B-2ABBC13CB432}.Template|x86.Build.0 = Template|Win32
		{D041B261-FCCD-4EA8-B611-6ACF09C51100}.Debug|x86.ActiveCfg = Debug|Win32
		{D041B261-FCCD-4EA8-B611-6ACF09C51100}.Debug|x86.Build.0 = Debug|Win32
		{D041B261-FCCD-4EA8-B611-6ACF09C51100}.Release|x86.ActiveCfg = Release|Win32
		{D041B261-FCCD-4EA8-B611-6ACF09C51100}.Release|x86.Build.0 = Release|Win32
		{D041B261-FCCD-4EA8-B611-6ACF09C51100}.Template|x86.ActiveCfg = Template|Win32
		{D041B261-FCCD-4EA8-B611-6ACF09C51100}.Template|x86.Build.0 = Template|Win32
	EndGlobalSection
	GlobalSection(SolutionProperties) = preSolution
		HideSolutionNode = FALSE
	EndGlobalSection
	GlobalSection(ExtensibilityGlobals) = postSolution
		SolutionGuid = {2A8D1EBA-9685-4686-A7F5-6351935D4EBB}
	EndGlobalSection
EndGlobal
